
Microsoft Visual Studio Solution File, Format Version 10.00
# Visual Studio 2008
Project("{FAE04EC0-301F-11D3-BF4B-00C04F79EFBC}") = "ProjectMagma", "ProjectMagma\ProjectMagma.csproj", "{37D28D35-F31F-4A83-9DB4-94D3E8461A77}"
	ProjectSection(ProjectDependencies) = postProject
		{41D8590B-0AD9-4E4A-B1ED-9E6E571364A2} = {41D8590B-0AD9-4E4A-B1ED-9E6E571364A2}
	EndProjectSection
EndProject
Project("{FAE04EC0-301F-11D3-BF4B-00C04F79EFBC}") = "ProjectMagmaContentPipeline", "ProjectMagmaContentPipeline\ProjectMagmaContentPipeline.csproj", "{41D8590B-0AD9-4E4A-B1ED-9E6E571364A2}"
EndProject
Project("{FAE04EC0-301F-11D3-BF4B-00C04F79EFBC}") = "ProjectMagmaShared", "ProjectMagmaShared\ProjectMagmaShared.csproj", "{68FEE9A0-EA37-4321-B485-3D5B1DED238D}"
EndProject
Project("{FAE04EC0-301F-11D3-BF4B-00C04F79EFBC}") = "xWinFormsLib", "xWinFormsLib\xWinFormsLib.csproj", "{32868301-A135-4BB5-AA3A-44A5DE60C081}"
EndProject
Project("{FAE04EC0-301F-11D3-BF4B-00C04F79EFBC}") = "_XBOX360_ProjectMagma", "ProjectMagma\_XBOX360_ProjectMagma.csproj", "{95D2678F-34F2-4C0E-A7F1-CD56FB987A8C}"
EndProject
Project("{FAE04EC0-301F-11D3-BF4B-00C04F79EFBC}") = "_XBOX360_ProjectMagmaShared", "ProjectMagmaShared\_XBOX360_ProjectMagmaShared.csproj", "{9D08F9E6-E783-43F1-B9B8-C448B482A73D}"
EndProject
Project("{FAE04EC0-301F-11D3-BF4B-00C04F79EFBC}") = "AnimationComponentLibrary", "AnimationComponentLibrary\AnimationComponentLibrary.csproj", "{1C4B7EEC-2AC6-4026-A53E-A254BDB79F3D}"
EndProject
Project("{FAE04EC0-301F-11D3-BF4B-00C04F79EFBC}") = "AnimationComponentLibraryContentPipeline", "AnimationComponentLibraryContentPipeline\AnimationComponentLibraryContentPipeline.csproj", "{70808508-17E8-421C-B29A-F7F310FA2171}"
EndProject
Project("{FAE04EC0-301F-11D3-BF4B-00C04F79EFBC}") = "_XBOX360_AnimationComponentLibrary", "AnimationComponentLibrary\_XBOX360_AnimationComponentLibrary.csproj", "{7358AC46-F593-429F-AD44-E4475FFC8058}"
EndProject
Global
	GlobalSection(SolutionConfigurationPlatforms) = preSolution
		Debug|Mixed Platforms = Debug|Mixed Platforms
		Debug|x86 = Debug|x86
		Debug|Xbox 360 = Debug|Xbox 360
		Debug|Zune = Debug|Zune
		Release|Mixed Platforms = Release|Mixed Platforms
		Release|x86 = Release|x86
		Release|Xbox 360 = Release|Xbox 360
		Release|Zune = Release|Zune
	EndGlobalSection
	GlobalSection(ProjectConfigurationPlatforms) = postSolution
		{37D28D35-F31F-4A83-9DB4-94D3E8461A77}.Debug|Mixed Platforms.ActiveCfg = Debug|x86
		{37D28D35-F31F-4A83-9DB4-94D3E8461A77}.Debug|Mixed Platforms.Build.0 = Debug|x86
		{37D28D35-F31F-4A83-9DB4-94D3E8461A77}.Debug|x86.ActiveCfg = Debug|x86
		{37D28D35-F31F-4A83-9DB4-94D3E8461A77}.Debug|x86.Build.0 = Debug|x86
		{37D28D35-F31F-4A83-9DB4-94D3E8461A77}.Debug|Xbox 360.ActiveCfg = Debug|x86
		{37D28D35-F31F-4A83-9DB4-94D3E8461A77}.Debug|Zune.ActiveCfg = Debug|x86
		{37D28D35-F31F-4A83-9DB4-94D3E8461A77}.Release|Mixed Platforms.ActiveCfg = Release|x86
		{37D28D35-F31F-4A83-9DB4-94D3E8461A77}.Release|Mixed Platforms.Build.0 = Release|x86
		{37D28D35-F31F-4A83-9DB4-94D3E8461A77}.Release|x86.ActiveCfg = Release|x86
		{37D28D35-F31F-4A83-9DB4-94D3E8461A77}.Release|x86.Build.0 = Release|x86
		{37D28D35-F31F-4A83-9DB4-94D3E8461A77}.Release|Xbox 360.ActiveCfg = Release|x86
		{37D28D35-F31F-4A83-9DB4-94D3E8461A77}.Release|Zune.ActiveCfg = Release|x86
		{41D8590B-0AD9-4E4A-B1ED-9E6E571364A2}.Debug|Mixed Platforms.ActiveCfg = Debug|x86
		{41D8590B-0AD9-4E4A-B1ED-9E6E571364A2}.Debug|Mixed Platforms.Build.0 = Debug|x86
		{41D8590B-0AD9-4E4A-B1ED-9E6E571364A2}.Debug|x86.ActiveCfg = Debug|x86
		{41D8590B-0AD9-4E4A-B1ED-9E6E571364A2}.Debug|x86.Build.0 = Debug|x86
		{41D8590B-0AD9-4E4A-B1ED-9E6E571364A2}.Debug|Xbox 360.ActiveCfg = Debug|Xbox 360
		{41D8590B-0AD9-4E4A-B1ED-9E6E571364A2}.Debug|Xbox 360.Build.0 = Debug|Xbox 360
		{41D8590B-0AD9-4E4A-B1ED-9E6E571364A2}.Debug|Zune.ActiveCfg = Debug|Zune
		{41D8590B-0AD9-4E4A-B1ED-9E6E571364A2}.Debug|Zune.Build.0 = Debug|Zune
		{41D8590B-0AD9-4E4A-B1ED-9E6E571364A2}.Release|Mixed Platforms.ActiveCfg = Release|Zune
		{41D8590B-0AD9-4E4A-B1ED-9E6E571364A2}.Release|Mixed Platforms.Build.0 = Release|Zune
		{41D8590B-0AD9-4E4A-B1ED-9E6E571364A2}.Release|x86.ActiveCfg = Release|x86
		{41D8590B-0AD9-4E4A-B1ED-9E6E571364A2}.Release|x86.Build.0 = Release|x86
		{41D8590B-0AD9-4E4A-B1ED-9E6E571364A2}.Release|Xbox 360.ActiveCfg = Release|Xbox 360
		{41D8590B-0AD9-4E4A-B1ED-9E6E571364A2}.Release|Xbox 360.Build.0 = Release|Xbox 360
		{41D8590B-0AD9-4E4A-B1ED-9E6E571364A2}.Release|Zune.ActiveCfg = Release|Zune
		{41D8590B-0AD9-4E4A-B1ED-9E6E571364A2}.Release|Zune.Build.0 = Release|Zune
		{68FEE9A0-EA37-4321-B485-3D5B1DED238D}.Debug|Mixed Platforms.ActiveCfg = Debug|x86
		{68FEE9A0-EA37-4321-B485-3D5B1DED238D}.Debug|Mixed Platforms.Build.0 = Debug|x86
		{68FEE9A0-EA37-4321-B485-3D5B1DED238D}.Debug|x86.ActiveCfg = Debug|x86
		{68FEE9A0-EA37-4321-B485-3D5B1DED238D}.Debug|x86.Build.0 = Debug|x86
		{68FEE9A0-EA37-4321-B485-3D5B1DED238D}.Debug|Xbox 360.ActiveCfg = Debug|x86
		{68FEE9A0-EA37-4321-B485-3D5B1DED238D}.Debug|Zune.ActiveCfg = Debug|x86
		{68FEE9A0-EA37-4321-B485-3D5B1DED238D}.Release|Mixed Platforms.ActiveCfg = Release|x86
		{68FEE9A0-EA37-4321-B485-3D5B1DED238D}.Release|Mixed Platforms.Build.0 = Release|x86
		{68FEE9A0-EA37-4321-B485-3D5B1DED238D}.Release|x86.ActiveCfg = Release|x86
		{68FEE9A0-EA37-4321-B485-3D5B1DED238D}.Release|x86.Build.0 = Release|x86
		{68FEE9A0-EA37-4321-B485-3D5B1DED238D}.Release|Xbox 360.ActiveCfg = Release|x86
		{68FEE9A0-EA37-4321-B485-3D5B1DED238D}.Release|Zune.ActiveCfg = Release|x86
		{32868301-A135-4BB5-AA3A-44A5DE60C081}.Debug|Mixed Platforms.ActiveCfg = Debug|x86
		{32868301-A135-4BB5-AA3A-44A5DE60C081}.Debug|Mixed Platforms.Build.0 = Debug|x86
		{32868301-A135-4BB5-AA3A-44A5DE60C081}.Debug|x86.ActiveCfg = Debug|x86
		{32868301-A135-4BB5-AA3A-44A5DE60C081}.Debug|x86.Build.0 = Debug|x86
		{32868301-A135-4BB5-AA3A-44A5DE60C081}.Debug|Xbox 360.ActiveCfg = Debug|x86
		{32868301-A135-4BB5-AA3A-44A5DE60C081}.Debug|Zune.ActiveCfg = Debug|x86
		{32868301-A135-4BB5-AA3A-44A5DE60C081}.Release|Mixed Platforms.ActiveCfg = Release|x86
		{32868301-A135-4BB5-AA3A-44A5DE60C081}.Release|Mixed Platforms.Build.0 = Release|x86
		{32868301-A135-4BB5-AA3A-44A5DE60C081}.Release|x86.ActiveCfg = Release|x86
		{32868301-A135-4BB5-AA3A-44A5DE60C081}.Release|x86.Build.0 = Release|x86
		{32868301-A135-4BB5-AA3A-44A5DE60C081}.Release|Xbox 360.ActiveCfg = Release|x86
		{32868301-A135-4BB5-AA3A-44A5DE60C081}.Release|Zune.ActiveCfg = Release|x86
		{95D2678F-34F2-4C0E-A7F1-CD56FB987A8C}.Debug|Mixed Platforms.ActiveCfg = Debug|Xbox 360
		{95D2678F-34F2-4C0E-A7F1-CD56FB987A8C}.Debug|Mixed Platforms.Build.0 = Debug|Xbox 360
		{95D2678F-34F2-4C0E-A7F1-CD56FB987A8C}.Debug|Mixed Platforms.Deploy.0 = Debug|Xbox 360
		{95D2678F-34F2-4C0E-A7F1-CD56FB987A8C}.Debug|x86.ActiveCfg = Debug|Xbox 360
		{95D2678F-34F2-4C0E-A7F1-CD56FB987A8C}.Debug|Xbox 360.ActiveCfg = Debug|Xbox 360
		{95D2678F-34F2-4C0E-A7F1-CD56FB987A8C}.Debug|Xbox 360.Build.0 = Debug|Xbox 360
		{95D2678F-34F2-4C0E-A7F1-CD56FB987A8C}.Debug|Xbox 360.Deploy.0 = Debug|Xbox 360
		{95D2678F-34F2-4C0E-A7F1-CD56FB987A8C}.Debug|Zune.ActiveCfg = Debug|Xbox 360
		{95D2678F-34F2-4C0E-A7F1-CD56FB987A8C}.Release|Mixed Platforms.ActiveCfg = Release|Xbox 360
		{95D2678F-34F2-4C0E-A7F1-CD56FB987A8C}.Release|Mixed Platforms.Build.0 = Release|Xbox 360
		{95D2678F-34F2-4C0E-A7F1-CD56FB987A8C}.Release|Mixed Platforms.Deploy.0 = Release|Xbox 360
		{95D2678F-34F2-4C0E-A7F1-CD56FB987A8C}.Release|x86.ActiveCfg = Release|Xbox 360
		{95D2678F-34F2-4C0E-A7F1-CD56FB987A8C}.Release|Xbox 360.ActiveCfg = Release|Xbox 360
		{95D2678F-34F2-4C0E-A7F1-CD56FB987A8C}.Release|Xbox 360.Build.0 = Release|Xbox 360
		{95D2678F-34F2-4C0E-A7F1-CD56FB987A8C}.Release|Xbox 360.Deploy.0 = Release|Xbox 360
		{95D2678F-34F2-4C0E-A7F1-CD56FB987A8C}.Release|Zune.ActiveCfg = Release|Xbox 360
		{9D08F9E6-E783-43F1-B9B8-C448B482A73D}.Debug|Mixed Platforms.ActiveCfg = Debug|Xbox 360
		{9D08F9E6-E783-43F1-B9B8-C448B482A73D}.Debug|Mixed Platforms.Build.0 = Debug|Xbox 360
		{9D08F9E6-E783-43F1-B9B8-C448B482A73D}.Debug|x86.ActiveCfg = Debug|Xbox 360
		{9D08F9E6-E783-43F1-B9B8-C448B482A73D}.Debug|Xbox 360.ActiveCfg = Debug|Xbox 360
		{9D08F9E6-E783-43F1-B9B8-C448B482A73D}.Debug|Xbox 360.Build.0 = Debug|Xbox 360
		{9D08F9E6-E783-43F1-B9B8-C448B482A73D}.Debug|Zune.ActiveCfg = Debug|Xbox 360
		{9D08F9E6-E783-43F1-B9B8-C448B482A73D}.Release|Mixed Platforms.ActiveCfg = Release|Xbox 360
		{9D08F9E6-E783-43F1-B9B8-C448B482A73D}.Release|Mixed Platforms.Build.0 = Release|Xbox 360
		{9D08F9E6-E783-43F1-B9B8-C448B482A73D}.Release|x86.ActiveCfg = Release|Xbox 360
		{9D08F9E6-E783-43F1-B9B8-C448B482A73D}.Release|Xbox 360.ActiveCfg = Release|Xbox 360
		{9D08F9E6-E783-43F1-B9B8-C448B482A73D}.Release|Xbox 360.Build.0 = Release|Xbox 360
		{9D08F9E6-E783-43F1-B9B8-C448B482A73D}.Release|Zune.ActiveCfg = Release|Xbox 360
		{1C4B7EEC-2AC6-4026-A53E-A254BDB79F3D}.Debug|Mixed Platforms.ActiveCfg = Debug|x86
		{1C4B7EEC-2AC6-4026-A53E-A254BDB79F3D}.Debug|Mixed Platforms.Build.0 = Debug|x86
		{1C4B7EEC-2AC6-4026-A53E-A254BDB79F3D}.Debug|x86.ActiveCfg = Debug|x86
		{1C4B7EEC-2AC6-4026-A53E-A254BDB79F3D}.Debug|x86.Build.0 = Debug|x86
		{1C4B7EEC-2AC6-4026-A53E-A254BDB79F3D}.Debug|Xbox 360.ActiveCfg = Debug|x86
		{1C4B7EEC-2AC6-4026-A53E-A254BDB79F3D}.Debug|Zune.ActiveCfg = Debug|x86
		{1C4B7EEC-2AC6-4026-A53E-A254BDB79F3D}.Release|Mixed Platforms.ActiveCfg = Release|x86
		{1C4B7EEC-2AC6-4026-A53E-A254BDB79F3D}.Release|Mixed Platforms.Build.0 = Release|x86
		{1C4B7EEC-2AC6-4026-A53E-A254BDB79F3D}.Release|x86.ActiveCfg = Release|x86
		{1C4B7EEC-2AC6-4026-A53E-A254BDB79F3D}.Release|x86.Build.0 = Release|x86
		{1C4B7EEC-2AC6-4026-A53E-A254BDB79F3D}.Release|Xbox 360.ActiveCfg = Release|x86
		{1C4B7EEC-2AC6-4026-A53E-A254BDB79F3D}.Release|Zune.ActiveCfg = Release|x86
		{70808508-17E8-421C-B29A-F7F310FA2171}.Debug|Mixed Platforms.ActiveCfg = Debug|Xbox 360
		{70808508-17E8-421C-B29A-F7F310FA2171}.Debug|Mixed Platforms.Build.0 = Debug|Xbox 360
		{70808508-17E8-421C-B29A-F7F310FA2171}.Debug|x86.ActiveCfg = Debug|x86
		{70808508-17E8-421C-B29A-F7F310FA2171}.Debug|x86.Build.0 = Debug|x86
		{70808508-17E8-421C-B29A-F7F310FA2171}.Debug|Xbox 360.ActiveCfg = Debug|Xbox 360
		{70808508-17E8-421C-B29A-F7F310FA2171}.Debug|Xbox 360.Build.0 = Debug|Xbox 360
		{70808508-17E8-421C-B29A-F7F310FA2171}.Debug|Zune.ActiveCfg = Debug|Xbox 360
		{70808508-17E8-421C-B29A-F7F310FA2171}.Release|Mixed Platforms.ActiveCfg = Release|Xbox 360
		{70808508-17E8-421C-B29A-F7F310FA2171}.Release|Mixed Platforms.Build.0 = Release|Xbox 360
		{70808508-17E8-421C-B29A-F7F310FA2171}.Release|x86.ActiveCfg = Release|x86
		{70808508-17E8-421C-B29A-F7F310FA2171}.Release|x86.Build.0 = Release|x86
		{70808508-17E8-421C-B29A-F7F310FA2171}.Release|Xbox 360.ActiveCfg = Release|Xbox 360
		{70808508-17E8-421C-B29A-F7F310FA2171}.Release|Xbox 360.Build.0 = Release|Xbox 360
		{70808508-17E8-421C-B29A-F7F310FA2171}.Release|Zune.ActiveCfg = Release|Xbox 360
		{7358AC46-F593-429F-AD44-E4475FFC8058}.Debug|Mixed Platforms.ActiveCfg = Debug|Xbox 360
		{7358AC46-F593-429F-AD44-E4475FFC8058}.Debug|Mixed Platforms.Build.0 = Debug|Xbox 360
		{7358AC46-F593-429F-AD44-E4475FFC8058}.Debug|x86.ActiveCfg = Debug|Xbox 360
		{7358AC46-F593-429F-AD44-E4475FFC8058}.Debug|Xbox 360.ActiveCfg = Debug|Xbox 360
		{7358AC46-F593-429F-AD44-E4475FFC8058}.Debug|Xbox 360.Build.0 = Debug|Xbox 360
		{7358AC46-F593-429F-AD44-E4475FFC8058}.Debug|Zune.ActiveCfg = Debug|Xbox 360
		{7358AC46-F593-429F-AD44-E4475FFC8058}.Release|Mixed Platforms.ActiveCfg = Release|Xbox 360
		{7358AC46-F593-429F-AD44-E4475FFC8058}.Release|Mixed Platforms.Build.0 = Release|Xbox 360
		{7358AC46-F593-429F-AD44-E4475FFC8058}.Release|x86.ActiveCfg = Release|Xbox 360
		{7358AC46-F593-429F-AD44-E4475FFC8058}.Release|Xbox 360.ActiveCfg = Release|Xbox 360
		{7358AC46-F593-429F-AD44-E4475FFC8058}.Release|Xbox 360.Build.0 = Release|Xbox 360
		{7358AC46-F593-429F-AD44-E4475FFC8058}.Release|Zune.ActiveCfg = Release|Xbox 360
		{BEB6EA29-91F8-4460-B52C-FC9C19B6541B}.Debug|Mixed Platforms.ActiveCfg = Debug|Xbox 360
		{BEB6EA29-91F8-4460-B52C-FC9C19B6541B}.Debug|x86.ActiveCfg = Debug|x86
		{BEB6EA29-91F8-4460-B52C-FC9C19B6541B}.Debug|Xbox 360.ActiveCfg = Debug|Xbox 360
		{BEB6EA29-91F8-4460-B52C-FC9C19B6541B}.Debug|Zune.ActiveCfg = Debug|Xbox 360
		{BEB6EA29-91F8-4460-B52C-FC9C19B6541B}.Release|Mixed Platforms.ActiveCfg = Release|Xbox 360
		{BEB6EA29-91F8-4460-B52C-FC9C19B6541B}.Release|x86.ActiveCfg = Release|x86
		{BEB6EA29-91F8-4460-B52C-FC9C19B6541B}.Release|Xbox 360.ActiveCfg = Release|Xbox 360
		{BEB6EA29-91F8-4460-B52C-FC9C19B6541B}.Release|Zune.ActiveCfg = Release|Xbox 360
		{40E4CAF0-0F79-43C3-85F2-3A79D2038879}.Debug|Mixed Platforms.ActiveCfg = Debug|x86
		{40E4CAF0-0F79-43C3-85F2-3A79D2038879}.Debug|x86.ActiveCfg = Debug|x86
		{40E4CAF0-0F79-43C3-85F2-3A79D2038879}.Debug|Xbox 360.ActiveCfg = Debug|x86
		{40E4CAF0-0F79-43C3-85F2-3A79D2038879}.Debug|Zune.ActiveCfg = Debug|x86
		{40E4CAF0-0F79-43C3-85F2-3A79D2038879}.Release|Mixed Platforms.ActiveCfg = Release|x86
		{40E4CAF0-0F79-43C3-85F2-3A79D2038879}.Release|x86.ActiveCfg = Release|x86
		{40E4CAF0-0F79-43C3-85F2-3A79D2038879}.Release|Xbox 360.ActiveCfg = Release|x86
		{40E4CAF0-0F79-43C3-85F2-3A79D2038879}.Release|Zune.ActiveCfg = Release|x86
	EndGlobalSection
	GlobalSection(SolutionProperties) = preSolution
		HideSolutionNode = FALSE
	EndGlobalSection
	GlobalSection(SubversionScc) = preSolution
		Svn-Managed = True
		Manager = AnkhSVN - Subversion Support for Visual Studio
	EndGlobalSection
EndGlobal
